
Microsoft Visual Studio Solution File, Format Version 12.00
# Visual Studio Version 16
VisualStudioVersion = 16.0.30524.135
MinimumVisualStudioVersion = 10.0.40219.1
Project("{9A19103F-16F7-4668-BE54-9A1E7A4F7556}") = "Polygon", "Polygon\Polygon.csproj", "{3D78638A-7E45-4A28-8FB5-9DBD807614A0}"
EndProject
Project("{9A19103F-16F7-4668-BE54-9A1E7A4F7556}") = "Polygon.Tests", "Polygon.Tests\Polygon.Tests.csproj", "{40071B49-5E3A-4E96-A13B-C51CD943F92E}"
EndProject
Global
	GlobalSection(SolutionConfigurationPlatforms) = preSolution
		Debug|Any CPU = Debug|Any CPU
		Release|Any CPU = Release|Any CPU
	EndGlobalSection
	GlobalSection(ProjectConfigurationPlatforms) = postSolution
		{3D78638A-7E45-4A28-8FB5-9DBD807614A0}.Debug|Any CPU.ActiveCfg = Debug|Any CPU
		{3D78638A-7E45-4A28-8FB5-9DBD807614A0}.Debug|Any CPU.Build.0 = Debug|Any CPU
		{3D78638A-7E45-4A28-8FB5-9DBD807614A0}.Release|Any CPU.ActiveCfg = Release|Any CPU
		{3D78638A-7E45-4A28-8FB5-9DBD807614A0}.Release|Any CPU.Build.0 = Release|Any CPU
		{40071B49-5E3A-4E96-A13B-C51CD943F92E}.Debug|Any CPU.ActiveCfg = Debug|Any CPU
		{40071B49-5E3A-4E96-A13B-C51CD943F92E}.Debug|Any CPU.Build.0 = Debug|Any CPU
		{40071B49-5E3A-4E96-A13B-C51CD943F92E}.Release|Any CPU.ActiveCfg = Release|Any CPU
		{40071B49-5E3A-4E96-A13B-C51CD943F92E}.Release|Any CPU.Build.0 = Release|Any CPU
	EndGlobalSection
	GlobalSection(SolutionProperties) = preSolution
		HideSolutionNode = FALSE
	EndGlobalSection
	GlobalSection(ExtensibilityGlobals) = postSolution
		SolutionGuid = {05829ED9-F259-4C0E-957C-B28AE678C4DB}
	EndGlobalSection
EndGlobal
